// !$*UTF8*$!
{
	archiveVersion = 1;
	classes = {
	};
	objectVersion = 50;
	objects = {

/* Begin PBXBuildFile section */
		6B5FC00027DA24E100FF2717 /* AppDelegate.swift in Sources */ = {isa = PBXBuildFile; fileRef = 6B5FBFFF27DA24E100FF2717 /* AppDelegate.swift */; };
		6B5FC00227DA24E100FF2717 /* SceneDelegate.swift in Sources */ = {isa = PBXBuildFile; fileRef = 6B5FC00127DA24E100FF2717 /* SceneDelegate.swift */; };
		6B5FC00427DA24E100FF2717 /* ViewController.swift in Sources */ = {isa = PBXBuildFile; fileRef = 6B5FC00327DA24E100FF2717 /* ViewController.swift */; };
		6B5FC00727DA24E100FF2717 /* Main.storyboard in Resources */ = {isa = PBXBuildFile; fileRef = 6B5FC00527DA24E100FF2717 /* Main.storyboard */; };
		6B5FC00927DA24E200FF2717 /* Assets.xcassets in Resources */ = {isa = PBXBuildFile; fileRef = 6B5FC00827DA24E200FF2717 /* Assets.xcassets */; };
		6B5FC00C27DA24E200FF2717 /* LaunchScreen.storyboard in Resources */ = {isa = PBXBuildFile; fileRef = 6B5FC00A27DA24E200FF2717 /* LaunchScreen.storyboard */; };
		6B5FC01727DA24E200FF2717 /* designTests.swift in Sources */ = {isa = PBXBuildFile; fileRef = 6B5FC01627DA24E200FF2717 /* designTests.swift */; };
		6B5FC02227DA24E200FF2717 /* designUITests.swift in Sources */ = {isa = PBXBuildFile; fileRef = 6B5FC02127DA24E200FF2717 /* designUITests.swift */; };
		6B85AEEE27DB155F00D99A1D /* TableViewCell.swift in Sources */ = {isa = PBXBuildFile; fileRef = 6B85AEED27DB155F00D99A1D /* TableViewCell.swift */; };
		6B85AEF427DB719100D99A1D /* Specifier.swift in Sources */ = {isa = PBXBuildFile; fileRef = 6B85AEF327DB719100D99A1D /* Specifier.swift */; };
/* End PBXBuildFile section */

/* Begin PBXContainerItemProxy section */
		6B5FC01327DA24E200FF2717 /* PBXContainerItemProxy */ = {
			isa = PBXContainerItemProxy;
			containerPortal = 6B5FBFF427DA24E100FF2717 /* Project object */;
			proxyType = 1;
			remoteGlobalIDString = 6B5FBFFB27DA24E100FF2717;
			remoteInfo = design;
		};
		6B5FC01E27DA24E200FF2717 /* PBXContainerItemProxy */ = {
			isa = PBXContainerItemProxy;
			containerPortal = 6B5FBFF427DA24E100FF2717 /* Project object */;
			proxyType = 1;
			remoteGlobalIDString = 6B5FBFFB27DA24E100FF2717;
			remoteInfo = design;
		};
/* End PBXContainerItemProxy section */

/* Begin PBXFileReference section */
		6B5FBFFC27DA24E100FF2717 /* design.app */ = {isa = PBXFileReference; explicitFileType = wrapper.application; includeInIndex = 0; path = design.app; sourceTree = BUILT_PRODUCTS_DIR; };
		6B5FBFFF27DA24E100FF2717 /* AppDelegate.swift */ = {isa = PBXFileReference; lastKnownFileType = sourcecode.swift; path = AppDelegate.swift; sourceTree = "<group>"; };
		6B5FC00127DA24E100FF2717 /* SceneDelegate.swift */ = {isa = PBXFileReference; lastKnownFileType = sourcecode.swift; path = SceneDelegate.swift; sourceTree = "<group>"; };
		6B5FC00327DA24E100FF2717 /* ViewController.swift */ = {isa = PBXFileReference; lastKnownFileType = sourcecode.swift; path = ViewController.swift; sourceTree = "<group>"; };
		6B5FC00627DA24E100FF2717 /* Base */ = {isa = PBXFileReference; lastKnownFileType = file.storyboard; name = Base; path = Base.lproj/Main.storyboard; sourceTree = "<group>"; };
		6B5FC00827DA24E200FF2717 /* Assets.xcassets */ = {isa = PBXFileReference; lastKnownFileType = folder.assetcatalog; path = Assets.xcassets; sourceTree = "<group>"; };
		6B5FC00B27DA24E200FF2717 /* Base */ = {isa = PBXFileReference; lastKnownFileType = file.storyboard; name = Base; path = Base.lproj/LaunchScreen.storyboard; sourceTree = "<group>"; };
		6B5FC00D27DA24E200FF2717 /* Info.plist */ = {isa = PBXFileReference; lastKnownFileType = text.plist.xml; path = Info.plist; sourceTree = "<group>"; };
		6B5FC01227DA24E200FF2717 /* designTests.xctest */ = {isa = PBXFileReference; explicitFileType = wrapper.cfbundle; includeInIndex = 0; path = designTests.xctest; sourceTree = BUILT_PRODUCTS_DIR; };
		6B5FC01627DA24E200FF2717 /* designTests.swift */ = {isa = PBXFileReference; lastKnownFileType = sourcecode.swift; path = designTests.swift; sourceTree = "<group>"; };
		6B5FC01827DA24E200FF2717 /* Info.plist */ = {isa = PBXFileReference; lastKnownFileType = text.plist.xml; path = Info.plist; sourceTree = "<group>"; };
		6B5FC01D27DA24E200FF2717 /* designUITests.xctest */ = {isa = PBXFileReference; explicitFileType = wrapper.cfbundle; includeInIndex = 0; path = designUITests.xctest; sourceTree = BUILT_PRODUCTS_DIR; };
		6B5FC02127DA24E200FF2717 /* designUITests.swift */ = {isa = PBXFileReference; lastKnownFileType = sourcecode.swift; path = designUITests.swift; sourceTree = "<group>"; };
		6B5FC02327DA24E200FF2717 /* Info.plist */ = {isa = PBXFileReference; lastKnownFileType = text.plist.xml; path = Info.plist; sourceTree = "<group>"; };
		6B5FC03027DA250800FF2717 /* Lato-Italic.ttf */ = {isa = PBXFileReference; lastKnownFileType = file; path = "Lato-Italic.ttf"; sourceTree = "<group>"; };
		6B5FC03127DA250800FF2717 /* Lato-Black.ttf */ = {isa = PBXFileReference; lastKnownFileType = file; path = "Lato-Black.ttf"; sourceTree = "<group>"; };
		6B5FC03227DA250800FF2717 /* Lato-Regular.ttf */ = {isa = PBXFileReference; lastKnownFileType = file; path = "Lato-Regular.ttf"; sourceTree = "<group>"; };
		6B5FC03327DA250800FF2717 /* Lato-ThinItalic.ttf */ = {isa = PBXFileReference; lastKnownFileType = file; path = "Lato-ThinItalic.ttf"; sourceTree = "<group>"; };
		6B5FC03427DA250900FF2717 /* Lato-Bold.ttf */ = {isa = PBXFileReference; lastKnownFileType = file; path = "Lato-Bold.ttf"; sourceTree = "<group>"; };
		6B5FC03527DA250900FF2717 /* Lato-Thin.ttf */ = {isa = PBXFileReference; lastKnownFileType = file; path = "Lato-Thin.ttf"; sourceTree = "<group>"; };
		6B5FC03627DA250900FF2717 /* Lato-BlackItalic.ttf */ = {isa = PBXFileReference; lastKnownFileType = file; path = "Lato-BlackItalic.ttf"; sourceTree = "<group>"; };
		6B5FC03727DA250900FF2717 /* Lato-Light.ttf */ = {isa = PBXFileReference; lastKnownFileType = file; path = "Lato-Light.ttf"; sourceTree = "<group>"; };
		6B5FC03827DA250900FF2717 /* Lato-BoldItalic.ttf */ = {isa = PBXFileReference; lastKnownFileType = file; path = "Lato-BoldItalic.ttf"; sourceTree = "<group>"; };
		6B5FC03927DA250900FF2717 /* Lato-LightItalic.ttf */ = {isa = PBXFileReference; lastKnownFileType = file; path = "Lato-LightItalic.ttf"; sourceTree = "<group>"; };
		6B85AEED27DB155F00D99A1D /* TableViewCell.swift */ = {isa = PBXFileReference; lastKnownFileType = sourcecode.swift; path = TableViewCell.swift; sourceTree = "<group>"; };
		6B85AEF327DB719100D99A1D /* Specifier.swift */ = {isa = PBXFileReference; lastKnownFileType = sourcecode.swift; path = Specifier.swift; sourceTree = "<group>"; };
/* End PBXFileReference section */

/* Begin PBXFrameworksBuildPhase section */
		6B5FBFF927DA24E100FF2717 /* Frameworks */ = {
			isa = PBXFrameworksBuildPhase;
			buildActionMask = 2147483647;
			files = (
			);
			runOnlyForDeploymentPostprocessing = 0;
		};
		6B5FC00F27DA24E200FF2717 /* Frameworks */ = {
			isa = PBXFrameworksBuildPhase;
			buildActionMask = 2147483647;
			files = (
			);
			runOnlyForDeploymentPostprocessing = 0;
		};
		6B5FC01A27DA24E200FF2717 /* Frameworks */ = {
			isa = PBXFrameworksBuildPhase;
			buildActionMask = 2147483647;
			files = (
			);
			runOnlyForDeploymentPostprocessing = 0;
		};
/* End PBXFrameworksBuildPhase section */

/* Begin PBXGroup section */
		6B5FBFF327DA24E100FF2717 = {
			isa = PBXGroup;
			children = (
				6B5FBFFE27DA24E100FF2717 /* design */,
				6B5FC01527DA24E200FF2717 /* designTests */,
				6B5FC02027DA24E200FF2717 /* designUITests */,
				6B5FBFFD27DA24E100FF2717 /* Products */,
			);
			sourceTree = "<group>";
		};
		6B5FBFFD27DA24E100FF2717 /* Products */ = {
			isa = PBXGroup;
			children = (
				6B5FBFFC27DA24E100FF2717 /* design.app */,
				6B5FC01227DA24E200FF2717 /* designTests.xctest */,
				6B5FC01D27DA24E200FF2717 /* designUITests.xctest */,
			);
			name = Products;
			sourceTree = "<group>";
		};
		6B5FBFFE27DA24E100FF2717 /* design */ = {
			isa = PBXGroup;
			children = (
				6B5FBFFF27DA24E100FF2717 /* AppDelegate.swift */,
				6B5FC00127DA24E100FF2717 /* SceneDelegate.swift */,
				6B85AEF327DB719100D99A1D /* Specifier.swift */,
				6B5FC00327DA24E100FF2717 /* ViewController.swift */,
				6B85AEED27DB155F00D99A1D /* TableViewCell.swift */,
				6B5FC00527DA24E100FF2717 /* Main.storyboard */,
				6B5FC00827DA24E200FF2717 /* Assets.xcassets */,
				6B5FC02F27DA24F600FF2717 /* Fonts */,
				6B5FC00A27DA24E200FF2717 /* LaunchScreen.storyboard */,
				6B5FC00D27DA24E200FF2717 /* Info.plist */,
			);
			path = design;
			sourceTree = "<group>";
		};
		6B5FC01527DA24E200FF2717 /* designTests */ = {
			isa = PBXGroup;
			children = (
				6B5FC01627DA24E200FF2717 /* designTests.swift */,
				6B5FC01827DA24E200FF2717 /* Info.plist */,
			);
			path = designTests;
			sourceTree = "<group>";
		};
		6B5FC02027DA24E200FF2717 /* designUITests */ = {
			isa = PBXGroup;
			children = (
				6B5FC02127DA24E200FF2717 /* designUITests.swift */,
				6B5FC02327DA24E200FF2717 /* Info.plist */,
			);
			path = designUITests;
			sourceTree = "<group>";
		};
		6B5FC02F27DA24F600FF2717 /* Fonts */ = {
			isa = PBXGroup;
			children = (
				6B5FC03127DA250800FF2717 /* Lato-Black.ttf */,
				6B5FC03627DA250900FF2717 /* Lato-BlackItalic.ttf */,
				6B5FC03427DA250900FF2717 /* Lato-Bold.ttf */,
				6B5FC03827DA250900FF2717 /* Lato-BoldItalic.ttf */,
				6B5FC03027DA250800FF2717 /* Lato-Italic.ttf */,
				6B5FC03727DA250900FF2717 /* Lato-Light.ttf */,
				6B5FC03927DA250900FF2717 /* Lato-LightItalic.ttf */,
				6B5FC03227DA250800FF2717 /* Lato-Regular.ttf */,
				6B5FC03527DA250900FF2717 /* Lato-Thin.ttf */,
				6B5FC03327DA250800FF2717 /* Lato-ThinItalic.ttf */,
			);
			path = Fonts;
			sourceTree = "<group>";
		};
/* End PBXGroup section */

/* Begin PBXNativeTarget section */
		6B5FBFFB27DA24E100FF2717 /* design */ = {
			isa = PBXNativeTarget;
			buildConfigurationList = 6B5FC02627DA24E200FF2717 /* Build configuration list for PBXNativeTarget "design" */;
			buildPhases = (
				6B5FBFF827DA24E100FF2717 /* Sources */,
				6B5FBFF927DA24E100FF2717 /* Frameworks */,
				6B5FBFFA27DA24E100FF2717 /* Resources */,
			);
			buildRules = (
			);
			dependencies = (
			);
			name = design;
			productName = design;
			productReference = 6B5FBFFC27DA24E100FF2717 /* design.app */;
			productType = "com.apple.product-type.application";
		};
		6B5FC01127DA24E200FF2717 /* designTests */ = {
			isa = PBXNativeTarget;
			buildConfigurationList = 6B5FC02927DA24E200FF2717 /* Build configuration list for PBXNativeTarget "designTests" */;
			buildPhases = (
				6B5FC00E27DA24E200FF2717 /* Sources */,
				6B5FC00F27DA24E200FF2717 /* Frameworks */,
				6B5FC01027DA24E200FF2717 /* Resources */,
			);
			buildRules = (
			);
			dependencies = (
				6B5FC01427DA24E200FF2717 /* PBXTargetDependency */,
			);
			name = designTests;
			productName = designTests;
			productReference = 6B5FC01227DA24E200FF2717 /* designTests.xctest */;
			productType = "com.apple.product-type.bundle.unit-test";
		};
		6B5FC01C27DA24E200FF2717 /* designUITests */ = {
			isa = PBXNativeTarget;
			buildConfigurationList = 6B5FC02C27DA24E200FF2717 /* Build configuration list for PBXNativeTarget "designUITests" */;
			buildPhases = (
				6B5FC01927DA24E200FF2717 /* Sources */,
				6B5FC01A27DA24E200FF2717 /* Frameworks */,
				6B5FC01B27DA24E200FF2717 /* Resources */,
			);
			buildRules = (
			);
			dependencies = (
				6B5FC01F27DA24E200FF2717 /* PBXTargetDependency */,
			);
			name = designUITests;
			productName = designUITests;
			productReference = 6B5FC01D27DA24E200FF2717 /* designUITests.xctest */;
			productType = "com.apple.product-type.bundle.ui-testing";
		};
/* End PBXNativeTarget section */

/* Begin PBXProject section */
		6B5FBFF427DA24E100FF2717 /* Project object */ = {
			isa = PBXProject;
			attributes = {
				LastSwiftUpdateCheck = 1250;
				LastUpgradeCheck = 1250;
				TargetAttributes = {
					6B5FBFFB27DA24E100FF2717 = {
						CreatedOnToolsVersion = 12.5.1;
					};
					6B5FC01127DA24E200FF2717 = {
						CreatedOnToolsVersion = 12.5.1;
						TestTargetID = 6B5FBFFB27DA24E100FF2717;
					};
					6B5FC01C27DA24E200FF2717 = {
						CreatedOnToolsVersion = 12.5.1;
						TestTargetID = 6B5FBFFB27DA24E100FF2717;
					};
				};
			};
			buildConfigurationList = 6B5FBFF727DA24E100FF2717 /* Build configuration list for PBXProject "design" */;
			compatibilityVersion = "Xcode 9.3";
			developmentRegion = en;
			hasScannedForEncodings = 0;
			knownRegions = (
				en,
				Base,
			);
			mainGroup = 6B5FBFF327DA24E100FF2717;
			productRefGroup = 6B5FBFFD27DA24E100FF2717 /* Products */;
			projectDirPath = "";
			projectRoot = "";
			targets = (
				6B5FBFFB27DA24E100FF2717 /* design */,
				6B5FC01127DA24E200FF2717 /* designTests */,
				6B5FC01C27DA24E200FF2717 /* designUITests */,
			);
		};
/* End PBXProject section */

/* Begin PBXResourcesBuildPhase section */
		6B5FBFFA27DA24E100FF2717 /* Resources */ = {
			isa = PBXResourcesBuildPhase;
			buildActionMask = 2147483647;
			files = (
				6B5FC00C27DA24E200FF2717 /* LaunchScreen.storyboard in Resources */,
				6B5FC00927DA24E200FF2717 /* Assets.xcassets in Resources */,
				6B5FC00727DA24E100FF2717 /* Main.storyboard in Resources */,
			);
			runOnlyForDeploymentPostprocessing = 0;
		};
		6B5FC01027DA24E200FF2717 /* Resources */ = {
			isa = PBXResourcesBuildPhase;
			buildActionMask = 2147483647;
			files = (
			);
			runOnlyForDeploymentPostprocessing = 0;
		};
		6B5FC01B27DA24E200FF2717 /* Resources */ = {
			isa = PBXResourcesBuildPhase;
			buildActionMask = 2147483647;
			files = (
			);
			runOnlyForDeploymentPostprocessing = 0;
		};
/* End PBXResourcesBuildPhase section */

/* Begin PBXSourcesBuildPhase section */
		6B5FBFF827DA24E100FF2717 /* Sources */ = {
			isa = PBXSourcesBuildPhase;
			buildActionMask = 2147483647;
			files = (
				6B5FC00427DA24E100FF2717 /* ViewController.swift in Sources */,
				6B85AEEE27DB155F00D99A1D /* TableViewCell.swift in Sources */,
				6B5FC00027DA24E100FF2717 /* AppDelegate.swift in Sources */,
				6B85AEF427DB719100D99A1D /* Specifier.swift in Sources */,
				6B5FC00227DA24E100FF2717 /* SceneDelegate.swift in Sources */,
			);
			runOnlyForDeploymentPostprocessing = 0;
		};
		6B5FC00E27DA24E200FF2717 /* Sources */ = {
			isa = PBXSourcesBuildPhase;
			buildActionMask = 2147483647;
			files = (
				6B5FC01727DA24E200FF2717 /* designTests.swift in Sources */,
			);
			runOnlyForDeploymentPostprocessing = 0;
		};
		6B5FC01927DA24E200FF2717 /* Sources */ = {
			isa = PBXSourcesBuildPhase;
			buildActionMask = 2147483647;
			files = (
				6B5FC02227DA24E200FF2717 /* designUITests.swift in Sources */,
			);
			runOnlyForDeploymentPostprocessing = 0;
		};
/* End PBXSourcesBuildPhase section */

/* Begin PBXTargetDependency section */
		6B5FC01427DA24E200FF2717 /* PBXTargetDependency */ = {
			isa = PBXTargetDependency;
			target = 6B5FBFFB27DA24E100FF2717 /* design */;
			targetProxy = 6B5FC01327DA24E200FF2717 /* PBXContainerItemProxy */;
		};
		6B5FC01F27DA24E200FF2717 /* PBXTargetDependency */ = {
			isa = PBXTargetDependency;
			target = 6B5FBFFB27DA24E100FF2717 /* design */;
			targetProxy = 6B5FC01E27DA24E200FF2717 /* PBXContainerItemProxy */;
		};
/* End PBXTargetDependency section */

/* Begin PBXVariantGroup section */
		6B5FC00527DA24E100FF2717 /* Main.storyboard */ = {
			isa = PBXVariantGroup;
			children = (
				6B5FC00627DA24E100FF2717 /* Base */,
			);
			name = Main.storyboard;
			sourceTree = "<group>";
		};
		6B5FC00A27DA24E200FF2717 /* LaunchScreen.storyboard */ = {
			isa = PBXVariantGroup;
			children = (
				6B5FC00B27DA24E200FF2717 /* Base */,
			);
			name = LaunchScreen.storyboard;
			sourceTree = "<group>";
		};
/* End PBXVariantGroup section */

/* Begin XCBuildConfiguration section */
		6B5FC02427DA24E200FF2717 /* Debug */ = {
			isa = XCBuildConfiguration;
			buildSettings = {
				ALWAYS_SEARCH_USER_PATHS = NO;
				CLANG_ANALYZER_NONNULL = YES;
				CLANG_ANALYZER_NUMBER_OBJECT_CONVERSION = YES_AGGRESSIVE;
				CLANG_CXX_LANGUAGE_STANDARD = "gnu++14";
				CLANG_CXX_LIBRARY = "libc++";
				CLANG_ENABLE_MODULES = YES;
				CLANG_ENABLE_OBJC_ARC = YES;
				CLANG_ENABLE_OBJC_WEAK = YES;
				CLANG_WARN_BLOCK_CAPTURE_AUTORELEASING = YES;
				CLANG_WARN_BOOL_CONVERSION = YES;
				CLANG_WARN_COMMA = YES;
				CLANG_WARN_CONSTANT_CONVERSION = YES;
				CLANG_WARN_DEPRECATED_OBJC_IMPLEMENTATIONS = YES;
				CLANG_WARN_DIRECT_OBJC_ISA_USAGE = YES_ERROR;
				CLANG_WARN_DOCUMENTATION_COMMENTS = YES;
				CLANG_WARN_EMPTY_BODY = YES;
				CLANG_WARN_ENUM_CONVERSION = YES;
				CLANG_WARN_INFINITE_RECURSION = YES;
				CLANG_WARN_INT_CONVERSION = YES;
				CLANG_WARN_NON_LITERAL_NULL_CONVERSION = YES;
				CLANG_WARN_OBJC_IMPLICIT_RETAIN_SELF = YES;
				CLANG_WARN_OBJC_LITERAL_CONVERSION = YES;
				CLANG_WARN_OBJC_ROOT_CLASS = YES_ERROR;
				CLANG_WARN_QUOTED_INCLUDE_IN_FRAMEWORK_HEADER = YES;
				CLANG_WARN_RANGE_LOOP_ANALYSIS = YES;
				CLANG_WARN_STRICT_PROTOTYPES = YES;
				CLANG_WARN_SUSPICIOUS_MOVE = YES;
				CLANG_WARN_UNGUARDED_AVAILABILITY = YES_AGGRESSIVE;
				CLANG_WARN_UNREACHABLE_CODE = YES;
				CLANG_WARN__DUPLICATE_METHOD_MATCH = YES;
				COPY_PHASE_STRIP = NO;
				DEBUG_INFORMATION_FORMAT = dwarf;
				ENABLE_STRICT_OBJC_MSGSEND = YES;
				ENABLE_TESTABILITY = YES;
				GCC_C_LANGUAGE_STANDARD = gnu11;
				GCC_DYNAMIC_NO_PIC = NO;
				GCC_NO_COMMON_BLOCKS = YES;
				GCC_OPTIMIZATION_LEVEL = 0;
				GCC_PREPROCESSOR_DEFINITIONS = (
					"DEBUG=1",
					"$(inherited)",
				);
				GCC_WARN_64_TO_32_BIT_CONVERSION = YES;
				GCC_WARN_ABOUT_RETURN_TYPE = YES_ERROR;
				GCC_WARN_UNDECLARED_SELECTOR = YES;
				GCC_WARN_UNINITIALIZED_AUTOS = YES_AGGRESSIVE;
				GCC_WARN_UNUSED_FUNCTION = YES;
				GCC_WARN_UNUSED_VARIABLE = YES;
				IPHONEOS_DEPLOYMENT_TARGET = 13.0;
				MTL_ENABLE_DEBUG_INFO = INCLUDE_SOURCE;
				MTL_FAST_MATH = YES;
				ONLY_ACTIVE_ARCH = YES;
				SDKROOT = iphoneos;
				SWIFT_ACTIVE_COMPILATION_CONDITIONS = DEBUG;
				SWIFT_OPTIMIZATION_LEVEL = "-Onone";
			};
			name = Debug;
		};
		6B5FC02527DA24E200FF2717 /* Release */ = {
			isa = XCBuildConfiguration;
			buildSettings = {
				ALWAYS_SEARCH_USER_PATHS = NO;
				CLANG_ANALYZER_NONNULL = YES;
				CLANG_ANALYZER_NUMBER_OBJECT_CONVERSION = YES_AGGRESSIVE;
				CLANG_CXX_LANGUAGE_STANDARD = "gnu++14";
				CLANG_CXX_LIBRARY = "libc++";
				CLANG_ENABLE_MODULES = YES;
				CLANG_ENABLE_OBJC_ARC = YES;
				CLANG_ENABLE_OBJC_WEAK = YES;
				CLANG_WARN_BLOCK_CAPTURE_AUTORELEASING = YES;
				CLANG_WARN_BOOL_CONVERSION = YES;
				CLANG_WARN_COMMA = YES;
				CLANG_WARN_CONSTANT_CONVERSION = YES;
				CLANG_WARN_DEPRECATED_OBJC_IMPLEMENTATIONS = YES;
				CLANG_WARN_DIRECT_OBJC_ISA_USAGE = YES_ERROR;
				CLANG_WARN_DOCUMENTATION_COMMENTS = YES;
				CLANG_WARN_EMPTY_BODY = YES;
				CLANG_WARN_ENUM_CONVERSION = YES;
				CLANG_WARN_INFINITE_RECURSION = YES;
				CLANG_WARN_INT_CONVERSION = YES;
				CLANG_WARN_NON_LITERAL_NULL_CONVERSION = YES;
				CLANG_WARN_OBJC_IMPLICIT_RETAIN_SELF = YES;
				CLANG_WARN_OBJC_LITERAL_CONVERSION = YES;
				CLANG_WARN_OBJC_ROOT_CLASS = YES_ERROR;
				CLANG_WARN_QUOTED_INCLUDE_IN_FRAMEWORK_HEADER = YES;
				CLANG_WARN_RANGE_LOOP_ANALYSIS = YES;
				CLANG_WARN_STRICT_PROTOTYPES = YES;
				CLANG_WARN_SUSPICIOUS_MOVE = YES;
				CLANG_WARN_UNGUARDED_AVAILABILITY = YES_AGGRESSIVE;
				CLANG_WARN_UNREACHABLE_CODE = YES;
				CLANG_WARN__DUPLICATE_METHOD_MATCH = YES;
				COPY_PHASE_STRIP = NO;
				DEBUG_INFORMATION_FORMAT = "dwarf-with-dsym";
				ENABLE_NS_ASSERTIONS = NO;
				ENABLE_STRICT_OBJC_MSGSEND = YES;
				GCC_C_LANGUAGE_STANDARD = gnu11;
				GCC_NO_COMMON_BLOCKS = YES;
				GCC_WARN_64_TO_32_BIT_CONVERSION = YES;
				GCC_WARN_ABOUT_RETURN_TYPE = YES_ERROR;
				GCC_WARN_UNDECLARED_SELECTOR = YES;
				GCC_WARN_UNINITIALIZED_AUTOS = YES_AGGRESSIVE;
				GCC_WARN_UNUSED_FUNCTION = YES;
				GCC_WARN_UNUSED_VARIABLE = YES;
				IPHONEOS_DEPLOYMENT_TARGET = 13.0;
				MTL_ENABLE_DEBUG_INFO = NO;
				MTL_FAST_MATH = YES;
				SDKROOT = iphoneos;
				SWIFT_COMPILATION_MODE = wholemodule;
				SWIFT_OPTIMIZATION_LEVEL = "-O";
				VALIDATE_PRODUCT = YES;
			};
			name = Release;
		};
		6B5FC02727DA24E200FF2717 /* Debug */ = {
			isa = XCBuildConfiguration;
			buildSettings = {
				ASSETCATALOG_COMPILER_APPICON_NAME = AppIcon;
				ASSETCATALOG_COMPILER_GLOBAL_ACCENT_COLOR_NAME = AccentColor;
				CODE_SIGN_IDENTITY = "Apple Development";
				CODE_SIGN_STYLE = Automatic;
				DEVELOPMENT_TEAM = LQ7PMWZCR4;
				INFOPLIST_FILE = design/Info.plist;
				LD_RUNPATH_SEARCH_PATHS = (
					"$(inherited)",
					"@executable_path/Frameworks",
				);
				PRODUCT_BUNDLE_IDENTIFIER = keshav.design;
				PRODUCT_NAME = "$(TARGET_NAME)";
				PROVISIONING_PROFILE_SPECIFIER = "";
				SWIFT_VERSION = 5.0;
				TARGETED_DEVICE_FAMILY = "1,2";
			};
			name = Debug;
		};
		6B5FC02827DA24E200FF2717 /* Release */ = {
			isa = XCBuildConfiguration;
			buildSettings = {
				ASSETCATALOG_COMPILER_APPICON_NAME = AppIcon;
				ASSETCATALOG_COMPILER_GLOBAL_ACCENT_COLOR_NAME = AccentColor;
				CODE_SIGN_IDENTITY = "Apple Development";
				CODE_SIGN_STYLE = Automatic;
				DEVELOPMENT_TEAM = LQ7PMWZCR4;
				INFOPLIST_FILE = design/Info.plist;
				LD_RUNPATH_SEARCH_PATHS = (
					"$(inherited)",
					"@executable_path/Frameworks",
				);
				PRODUCT_BUNDLE_IDENTIFIER = keshav.design;
				PRODUCT_NAME = "$(TARGET_NAME)";
				PROVISIONING_PROFILE_SPECIFIER = "";
				SWIFT_VERSION = 5.0;
				TARGETED_DEVICE_FAMILY = "1,2";
			};
			name = Release;
		};
		6B5FC02A27DA24E200FF2717 /* Debug */ = {
			isa = XCBuildConfiguration;
			buildSettings = {
				ALWAYS_EMBED_SWIFT_STANDARD_LIBRARIES = YES;
				BUNDLE_LOADER = "$(TEST_HOST)";
				CODE_SIGN_STYLE = Automatic;
				INFOPLIST_FILE = designTests/Info.plist;
				IPHONEOS_DEPLOYMENT_TARGET = 14.5;
				LD_RUNPATH_SEARCH_PATHS = (
					"$(inherited)",
					"@executable_path/Frameworks",
					"@loader_path/Frameworks",
				);
				PRODUCT_BUNDLE_IDENTIFIER = keshav.designTests;
				PRODUCT_NAME = "$(TARGET_NAME)";
				SWIFT_VERSION = 5.0;
				TARGETED_DEVICE_FAMILY = "1,2";
				TEST_HOST = "$(BUILT_PRODUCTS_DIR)/design.app/design";
			};
			name = Debug;
		};
		6B5FC02B27DA24E200FF2717 /* Release */ = {
			isa = XCBuildConfiguration;
			buildSettings = {
				ALWAYS_EMBED_SWIFT_STANDARD_LIBRARIES = YES;
				BUNDLE_LOADER = "$(TEST_HOST)";
				CODE_SIGN_STYLE = Automatic;
				INFOPLIST_FILE = designTests/Info.plist;
				IPHONEOS_DEPLOYMENT_TARGET = 14.5;
				LD_RUNPATH_SEARCH_PATHS = (
					"$(inherited)",
					"@executable_path/Frameworks",
					"@loader_path/Frameworks",
				);
				PRODUCT_BUNDLE_IDENTIFIER = keshav.designTests;
				PRODUCT_NAME = "$(TARGET_NAME)";
				SWIFT_VERSION = 5.0;
				TARGETED_DEVICE_FAMILY = "1,2";
				TEST_HOST = "$(BUILT_PRODUCTS_DIR)/design.app/design";
			};
			name = Release;
		};
		6B5FC02D27DA24E200FF2717 /* Debug */ = {
			isa = XCBuildConfiguration;
			buildSettings = {
				ALWAYS_EMBED_SWIFT_STANDARD_LIBRARIES = YES;
				CODE_SIGN_STYLE = Automatic;
				INFOPLIST_FILE = designUITests/Info.plist;
				LD_RUNPATH_SEARCH_PATHS = (
					"$(inherited)",
					"@executable_path/Frameworks",
					"@loader_path/Frameworks",
				);
				PRODUCT_BUNDLE_IDENTIFIER = keshav.designUITests;
				PRODUCT_NAME = "$(TARGET_NAME)";
				SWIFT_VERSION = 5.0;
				TARGETED_DEVICE_FAMILY = "1,2";
				TEST_TARGET_NAME = design;
			};
			name = Debug;
		};
		6B5FC02E27DA24E200FF2717 /* Release */ = {
			isa = XCBuildConfiguration;
			buildSettings = {
				ALWAYS_EMBED_SWIFT_STANDARD_LIBRARIES = YES;
				CODE_SIGN_STYLE = Automatic;
				INFOPLIST_FILE = designUITests/Info.plist;
				LD_RUNPATH_SEARCH_PATHS = (
					"$(inherited)",
					"@executable_path/Frameworks",
					"@loader_path/Frameworks",
				);
				PRODUCT_BUNDLE_IDENTIFIER = keshav.designUITests;
				PRODUCT_NAME = "$(TARGET_NAME)";
				SWIFT_VERSION = 5.0;
				TARGETED_DEVICE_FAMILY = "1,2";
				TEST_TARGET_NAME = design;
			};
			name = Release;
		};
/* End XCBuildConfiguration section */

/* Begin XCConfigurationList section */
		6B5FBFF727DA24E100FF2717 /* Build configuration list for PBXProject "design" */ = {
			isa = XCConfigurationList;
			buildConfigurations = (
				6B5FC02427DA24E200FF2717 /* Debug */,
				6B5FC02527DA24E200FF2717 /* Release */,
			);
			defaultConfigurationIsVisible = 0;
			defaultConfigurationName = Release;
		};
		6B5FC02627DA24E200FF2717 /* Build configuration list for PBXNativeTarget "design" */ = {
			isa = XCConfigurationList;
			buildConfigurations = (
				6B5FC02727DA24E200FF2717 /* Debug */,
				6B5FC02827DA24E200FF2717 /* Release */,
			);
			defaultConfigurationIsVisible = 0;
			defaultConfigurationName = Release;
		};
		6B5FC02927DA24E200FF2717 /* Build configuration list for PBXNativeTarget "designTests" */ = {
			isa = XCConfigurationList;
			buildConfigurations = (
				6B5FC02A27DA24E200FF2717 /* Debug */,
				6B5FC02B27DA24E200FF2717 /* Release */,
			);
			defaultConfigurationIsVisible = 0;
			defaultConfigurationName = Release;
		};
		6B5FC02C27DA24E200FF2717 /* Build configuration list for PBXNativeTarget "designUITests" */ = {
			isa = XCConfigurationList;
			buildConfigurations = (
				6B5FC02D27DA24E200FF2717 /* Debug */,
				6B5FC02E27DA24E200FF2717 /* Release */,
			);
			defaultConfigurationIsVisible = 0;
			defaultConfigurationName = Release;
		};
/* End XCConfigurationList section */
	};
	rootObject = 6B5FBFF427DA24E100FF2717 /* Project object */;
}
